PODS:
  - Bolts/Tasks (1.9.1)
  - GlobalDataModel (0.1.0):
    - INSParse
    - Parse
  - INSParse (0.1.12):
    - Parse
  - Parse (1.19.3):
    - Parse/Core (= 1.19.3)
  - Parse/Core (1.19.3):
    - Bolts/Tasks (= 1.9.1)

DEPENDENCIES:
  - GlobalDataModel (from `../`)

SPEC REPOS:
  trunk:
    - Bolts
    - INSParse
    - Parse

EXTERNAL SOURCES:
  GlobalDataModel:
    :path: "../"

SPEC CHECKSUMS:
  Bolts: 8c1e8aab2f603387b8b9924f57d1d64f43d3ffdc
  GlobalDataModel: 869ec7b9dff08026afbbbd70761e6b0015aa6d0c
  INSParse: 91d03610cd27e835656e5aeea73ab3bca12e497c
  Parse: 0abb63a0ff6fa34a3f64b81d595a294e2ece143a

PODFILE CHECKSUM: da6e87986f7689e85764ad2d80baace908d30592

COCOAPODS: 1.11.2
